// !$*UTF8*$!
{
	archiveVersion = 1;
	classes = {
	};
	objectVersion = 51;
	objects = {

/* Begin PBXBuildFile section */
		2503A5EC2754F45F008048CE /* HistoryService.swift in Sources */ = {isa = PBXBuildFile; fileRef = 2503A5EB2754F45F008048CE /* HistoryService.swift */; };
		2503A5EF2754FDE6008048CE /* HistoryScreenModel.swift in Sources */ = {isa = PBXBuildFile; fileRef = 2503A5EE2754FDE6008048CE /* HistoryScreenModel.swift */; };
		2503A5F12754FE79008048CE /* HistoryScreenViewModel.swift in Sources */ = {isa = PBXBuildFile; fileRef = 2503A5F02754FE79008048CE /* HistoryScreenViewModel.swift */; };
		2503A5F327551EA4008048CE /* HistoryScreenViewController.swift in Sources */ = {isa = PBXBuildFile; fileRef = 2503A5F227551EA4008048CE /* HistoryScreenViewController.swift */; };
		2503A5F5275558D6008048CE /* HistoryTableViewCell.swift in Sources */ = {isa = PBXBuildFile; fileRef = 2503A5F4275558D6008048CE /* HistoryTableViewCell.swift */; };
		256BAFC6273DD7FF000658CD /* Assets.swift in Sources */ = {isa = PBXBuildFile; fileRef = 256BAFC4273DD7FF000658CD /* Assets.swift */; };
		256BAFC7273DD7FF000658CD /* Strings.swift in Sources */ = {isa = PBXBuildFile; fileRef = 256BAFC5273DD7FF000658CD /* Strings.swift */; };
		256BAFCC273DDF10000658CD /* Strings.strings in Resources */ = {isa = PBXBuildFile; fileRef = 256BAFCA273DDF10000658CD /* Strings.strings */; };
		256BAFD52743C35B000658CD /* MainModel.swift in Sources */ = {isa = PBXBuildFile; fileRef = 256BAFD42743C35B000658CD /* MainModel.swift */; };
		256BAFD72743C37A000658CD /* SettingsModel.swift in Sources */ = {isa = PBXBuildFile; fileRef = 256BAFD62743C37A000658CD /* SettingsModel.swift */; };
		256BAFD92743C3C6000658CD /* MainViewModel.swift in Sources */ = {isa = PBXBuildFile; fileRef = 256BAFD82743C3C6000658CD /* MainViewModel.swift */; };
		256BAFDB2743C3E5000658CD /* SettingsViewModel.swift in Sources */ = {isa = PBXBuildFile; fileRef = 256BAFDA2743C3E5000658CD /* SettingsViewModel.swift */; };
		256BAFDD27451B58000658CD /* DataBase.swift in Sources */ = {isa = PBXBuildFile; fileRef = 256BAFDC27451B58000658CD /* DataBase.swift */; };
		256BAFDF27452378000658CD /* UserDefaults.swift in Sources */ = {isa = PBXBuildFile; fileRef = 256BAFDE27452378000658CD /* UserDefaults.swift */; };
		2587599E2713817B0081E9B5 /* AppDelegate.swift in Sources */ = {isa = PBXBuildFile; fileRef = 2587599D2713817B0081E9B5 /* AppDelegate.swift */; };
		258759A02713817B0081E9B5 /* SceneDelegate.swift in Sources */ = {isa = PBXBuildFile; fileRef = 2587599F2713817B0081E9B5 /* SceneDelegate.swift */; };
		258759A22713817B0081E9B5 /* MainViewController.swift in Sources */ = {isa = PBXBuildFile; fileRef = 258759A12713817B0081E9B5 /* MainViewController.swift */; };
		258759A7271381860081E9B5 /* Assets.xcassets in Resources */ = {isa = PBXBuildFile; fileRef = 258759A6271381860081E9B5 /* Assets.xcassets */; };
		258759AA271381860081E9B5 /* LaunchScreen.storyboard in Resources */ = {isa = PBXBuildFile; fileRef = 258759A8271381860081E9B5 /* LaunchScreen.storyboard */; };
		258759B32715B8130081E9B5 /* DataModel.swift in Sources */ = {isa = PBXBuildFile; fileRef = 258759B22715B8130081E9B5 /* DataModel.swift */; };
		258759B6271AEF7B0081E9B5 /* NetworkService.swift in Sources */ = {isa = PBXBuildFile; fileRef = 258759B5271AEF7B0081E9B5 /* NetworkService.swift */; };
		258759B9271C92120081E9B5 /* SettingsViewController.swift in Sources */ = {isa = PBXBuildFile; fileRef = 258759B8271C92120081E9B5 /* SettingsViewController.swift */; };
		25956310273AB41A0078D75A /* SettingsViewController+UITableViewDataSource.swift in Sources */ = {isa = PBXBuildFile; fileRef = 2595630F273AB41A0078D75A /* SettingsViewController+UITableViewDataSource.swift */; };
		AC362D4C18EBA1530A634343 /* Pods_MAGIC_8_BALL.framework in Frameworks */ = {isa = PBXBuildFile; fileRef = 856EBE6B0337F7C4A3198E5F /* Pods_MAGIC_8_BALL.framework */; };
/* End PBXBuildFile section */

/* Begin PBXFileReference section */
		1EF52E18399A6BB432E50613 /* Pods-MAGIC 8 BALL.release.xcconfig */ = {isa = PBXFileReference; includeInIndex = 1; lastKnownFileType = text.xcconfig; name = "Pods-MAGIC 8 BALL.release.xcconfig"; path = "Target Support Files/Pods-MAGIC 8 BALL/Pods-MAGIC 8 BALL.release.xcconfig"; sourceTree = "<group>"; };
		2503A5EB2754F45F008048CE /* HistoryService.swift */ = {isa = PBXFileReference; lastKnownFileType = sourcecode.swift; path = HistoryService.swift; sourceTree = "<group>"; };
		2503A5EE2754FDE6008048CE /* HistoryScreenModel.swift */ = {isa = PBXFileReference; lastKnownFileType = sourcecode.swift; path = HistoryScreenModel.swift; sourceTree = "<group>"; };
		2503A5F02754FE79008048CE /* HistoryScreenViewModel.swift */ = {isa = PBXFileReference; lastKnownFileType = sourcecode.swift; path = HistoryScreenViewModel.swift; sourceTree = "<group>"; };
		2503A5F227551EA4008048CE /* HistoryScreenViewController.swift */ = {isa = PBXFileReference; lastKnownFileType = sourcecode.swift; path = HistoryScreenViewController.swift; sourceTree = "<group>"; };
		2503A5F4275558D6008048CE /* HistoryTableViewCell.swift */ = {isa = PBXFileReference; lastKnownFileType = sourcecode.swift; path = HistoryTableViewCell.swift; sourceTree = "<group>"; };
		256BAFC4273DD7FF000658CD /* Assets.swift */ = {isa = PBXFileReference; fileEncoding = 4; lastKnownFileType = sourcecode.swift; path = Assets.swift; sourceTree = "<group>"; };
		256BAFC5273DD7FF000658CD /* Strings.swift */ = {isa = PBXFileReference; fileEncoding = 4; lastKnownFileType = sourcecode.swift; path = Strings.swift; sourceTree = "<group>"; };
		256BAFCB273DDF10000658CD /* Base */ = {isa = PBXFileReference; lastKnownFileType = text.plist.strings; name = Base; path = Base.lproj/Strings.strings; sourceTree = "<group>"; };
		256BAFD42743C35B000658CD /* MainModel.swift */ = {isa = PBXFileReference; lastKnownFileType = sourcecode.swift; path = MainModel.swift; sourceTree = "<group>"; };
		256BAFD62743C37A000658CD /* SettingsModel.swift */ = {isa = PBXFileReference; lastKnownFileType = sourcecode.swift; path = SettingsModel.swift; sourceTree = "<group>"; };
		256BAFD82743C3C6000658CD /* MainViewModel.swift */ = {isa = PBXFileReference; lastKnownFileType = sourcecode.swift; path = MainViewModel.swift; sourceTree = "<group>"; };
		256BAFDA2743C3E5000658CD /* SettingsViewModel.swift */ = {isa = PBXFileReference; lastKnownFileType = sourcecode.swift; path = SettingsViewModel.swift; sourceTree = "<group>"; };
		256BAFDC27451B58000658CD /* DataBase.swift */ = {isa = PBXFileReference; lastKnownFileType = sourcecode.swift; path = DataBase.swift; sourceTree = "<group>"; };
		256BAFDE27452378000658CD /* UserDefaults.swift */ = {isa = PBXFileReference; lastKnownFileType = sourcecode.swift; path = UserDefaults.swift; sourceTree = "<group>"; };
		2587599A2713817B0081E9B5 /* MAGIC 8 BALL.app */ = {isa = PBXFileReference; explicitFileType = wrapper.application; includeInIndex = 0; path = "MAGIC 8 BALL.app"; sourceTree = BUILT_PRODUCTS_DIR; };
		2587599D2713817B0081E9B5 /* AppDelegate.swift */ = {isa = PBXFileReference; lastKnownFileType = sourcecode.swift; path = AppDelegate.swift; sourceTree = "<group>"; };
		2587599F2713817B0081E9B5 /* SceneDelegate.swift */ = {isa = PBXFileReference; lastKnownFileType = sourcecode.swift; path = SceneDelegate.swift; sourceTree = "<group>"; };
		258759A12713817B0081E9B5 /* MainViewController.swift */ = {isa = PBXFileReference; lastKnownFileType = sourcecode.swift; path = MainViewController.swift; sourceTree = "<group>"; };
		258759A6271381860081E9B5 /* Assets.xcassets */ = {isa = PBXFileReference; lastKnownFileType = folder.assetcatalog; path = Assets.xcassets; sourceTree = "<group>"; };
		258759A9271381860081E9B5 /* Base */ = {isa = PBXFileReference; lastKnownFileType = file.storyboard; name = Base; path = Base.lproj/LaunchScreen.storyboard; sourceTree = "<group>"; };
		258759AB271381860081E9B5 /* Info.plist */ = {isa = PBXFileReference; lastKnownFileType = text.plist.xml; path = Info.plist; sourceTree = "<group>"; };
		258759B22715B8130081E9B5 /* DataModel.swift */ = {isa = PBXFileReference; lastKnownFileType = sourcecode.swift; path = DataModel.swift; sourceTree = "<group>"; };
		258759B5271AEF7B0081E9B5 /* NetworkService.swift */ = {isa = PBXFileReference; lastKnownFileType = sourcecode.swift; path = NetworkService.swift; sourceTree = "<group>"; };
		258759B8271C92120081E9B5 /* SettingsViewController.swift */ = {isa = PBXFileReference; lastKnownFileType = sourcecode.swift; path = SettingsViewController.swift; sourceTree = "<group>"; };
		2595630F273AB41A0078D75A /* SettingsViewController+UITableViewDataSource.swift */ = {isa = PBXFileReference; lastKnownFileType = sourcecode.swift; path = "SettingsViewController+UITableViewDataSource.swift"; sourceTree = "<group>"; };
		6675008FFE36F7BBE0B19C96 /* Pods-MAGIC 8 BALL.debug.xcconfig */ = {isa = PBXFileReference; includeInIndex = 1; lastKnownFileType = text.xcconfig; name = "Pods-MAGIC 8 BALL.debug.xcconfig"; path = "Target Support Files/Pods-MAGIC 8 BALL/Pods-MAGIC 8 BALL.debug.xcconfig"; sourceTree = "<group>"; };
		856EBE6B0337F7C4A3198E5F /* Pods_MAGIC_8_BALL.framework */ = {isa = PBXFileReference; explicitFileType = wrapper.framework; includeInIndex = 0; path = Pods_MAGIC_8_BALL.framework; sourceTree = BUILT_PRODUCTS_DIR; };
/* End PBXFileReference section */

/* Begin PBXFrameworksBuildPhase section */
		258759972713817B0081E9B5 /* Frameworks */ = {
			isa = PBXFrameworksBuildPhase;
			buildActionMask = 2147483647;
			files = (
				AC362D4C18EBA1530A634343 /* Pods_MAGIC_8_BALL.framework in Frameworks */,
			);
			runOnlyForDeploymentPostprocessing = 0;
		};
/* End PBXFrameworksBuildPhase section */

/* Begin PBXGroup section */
		2503A5ED2754FD9F008048CE /* HistoryScreen */ = {
			isa = PBXGroup;
			children = (
				2503A5EE2754FDE6008048CE /* HistoryScreenModel.swift */,
				2503A5F02754FE79008048CE /* HistoryScreenViewModel.swift */,
				2503A5F227551EA4008048CE /* HistoryScreenViewController.swift */,
				2503A5F4275558D6008048CE /* HistoryTableViewCell.swift */,
			);
			path = HistoryScreen;
			sourceTree = "<group>";
		};
		256BAFC3273DD09F000658CD /* SwiftGen */ = {
			isa = PBXGroup;
			children = (
				256BAFC4273DD7FF000658CD /* Assets.swift */,
				256BAFC5273DD7FF000658CD /* Strings.swift */,
			);
			path = SwiftGen;
			sourceTree = "<group>";
		};
		256BAFD0273F1C94000658CD /* Resources */ = {
			isa = PBXGroup;
			children = (
				256BAFC3273DD09F000658CD /* SwiftGen */,
				258759A6271381860081E9B5 /* Assets.xcassets */,
				256BAFCA273DDF10000658CD /* Strings.strings */,
			);
			path = Resources;
			sourceTree = "<group>";
		};
		256BAFD1273F36C6000658CD /* Services */ = {
			isa = PBXGroup;
			children = (
				258759B5271AEF7B0081E9B5 /* NetworkService.swift */,
				256BAFDC27451B58000658CD /* DataBase.swift */,
				258759B22715B8130081E9B5 /* DataModel.swift */,
				256BAFDE27452378000658CD /* UserDefaults.swift */,
				2503A5EB2754F45F008048CE /* HistoryService.swift */,
			);
			path = Services;
			sourceTree = "<group>";
		};
		256BAFE0274585BA000658CD /* Flows */ = {
			isa = PBXGroup;
			children = (
				2503A5ED2754FD9F008048CE /* HistoryScreen */,
				256BAFE127458645000658CD /* Main */,
				256BAFE2274586E9000658CD /* Settings */,
				256BAFE327458807000658CD /* Application */,
			);
			path = Flows;
			sourceTree = "<group>";
		};
		256BAFE127458645000658CD /* Main */ = {
			isa = PBXGroup;
			children = (
				256BAFD42743C35B000658CD /* MainModel.swift */,
				256BAFD82743C3C6000658CD /* MainViewModel.swift */,
				258759A12713817B0081E9B5 /* MainViewController.swift */,
			);
			path = Main;
			sourceTree = "<group>";
		};
		256BAFE2274586E9000658CD /* Settings */ = {
			isa = PBXGroup;
			children = (
				256BAFD62743C37A000658CD /* SettingsModel.swift */,
				256BAFDA2743C3E5000658CD /* SettingsViewModel.swift */,
				258759B8271C92120081E9B5 /* SettingsViewController.swift */,
				2595630F273AB41A0078D75A /* SettingsViewController+UITableViewDataSource.swift */,
			);
			path = Settings;
			sourceTree = "<group>";
		};
		256BAFE327458807000658CD /* Application */ = {
			isa = PBXGroup;
			children = (
				2587599D2713817B0081E9B5 /* AppDelegate.swift */,
				2587599F2713817B0081E9B5 /* SceneDelegate.swift */,
			);
			path = Application;
			sourceTree = "<group>";
		};
		258759912713817B0081E9B5 = {
			isa = PBXGroup;
			children = (
				2587599C2713817B0081E9B5 /* magic8ball */,
				2587599B2713817B0081E9B5 /* Products */,
				EE666249A579CE337CB98497 /* Pods */,
				2C4920023ECE5DF890D07B58 /* Frameworks */,
			);
			sourceTree = "<group>";
		};
		2587599B2713817B0081E9B5 /* Products */ = {
			isa = PBXGroup;
			children = (
				2587599A2713817B0081E9B5 /* MAGIC 8 BALL.app */,
			);
			name = Products;
			sourceTree = "<group>";
		};
		2587599C2713817B0081E9B5 /* magic8ball */ = {
			isa = PBXGroup;
			children = (
				256BAFE0274585BA000658CD /* Flows */,
				256BAFD1273F36C6000658CD /* Services */,
				256BAFD0273F1C94000658CD /* Resources */,
				258759A8271381860081E9B5 /* LaunchScreen.storyboard */,
				258759AB271381860081E9B5 /* Info.plist */,
			);
			path = magic8ball;
			sourceTree = "<group>";
		};
		2C4920023ECE5DF890D07B58 /* Frameworks */ = {
			isa = PBXGroup;
			children = (
				856EBE6B0337F7C4A3198E5F /* Pods_MAGIC_8_BALL.framework */,
			);
			name = Frameworks;
			sourceTree = "<group>";
		};
		EE666249A579CE337CB98497 /* Pods */ = {
			isa = PBXGroup;
			children = (
				6675008FFE36F7BBE0B19C96 /* Pods-MAGIC 8 BALL.debug.xcconfig */,
				1EF52E18399A6BB432E50613 /* Pods-MAGIC 8 BALL.release.xcconfig */,
			);
			path = Pods;
			sourceTree = "<group>";
		};
/* End PBXGroup section */

/* Begin PBXNativeTarget section */
		258759992713817B0081E9B5 /* MAGIC 8 BALL */ = {
			isa = PBXNativeTarget;
			buildConfigurationList = 258759AE271381860081E9B5 /* Build configuration list for PBXNativeTarget "MAGIC 8 BALL" */;
			buildPhases = (
				1204B17640CA19F6FB14BB7D /* [CP] Check Pods Manifest.lock */,
				258759962713817B0081E9B5 /* Sources */,
				258759972713817B0081E9B5 /* Frameworks */,
				258759982713817B0081E9B5 /* Resources */,
				DF06FCF85ADBEB566A7B2E65 /* [CP] Embed Pods Frameworks */,
				25956311273C331E0078D75A /* ShellScript */,
			);
			buildRules = (
			);
			dependencies = (
			);
			name = "MAGIC 8 BALL";
			productName = "shake tutorial";
			productReference = 2587599A2713817B0081E9B5 /* MAGIC 8 BALL.app */;
			productType = "com.apple.product-type.application";
		};
/* End PBXNativeTarget section */

/* Begin PBXProject section */
		258759922713817B0081E9B5 /* Project object */ = {
			isa = PBXProject;
			attributes = {
				LastSwiftUpdateCheck = 1240;
				LastUpgradeCheck = 1240;
				TargetAttributes = {
					258759992713817B0081E9B5 = {
						CreatedOnToolsVersion = 12.4;
					};
				};
			};
			buildConfigurationList = 258759952713817B0081E9B5 /* Build configuration list for PBXProject "MAGIC 8 BALL" */;
			compatibilityVersion = "Xcode 9.3";
			developmentRegion = en;
			hasScannedForEncodings = 0;
			knownRegions = (
				en,
				Base,
			);
			mainGroup = 258759912713817B0081E9B5;
			productRefGroup = 2587599B2713817B0081E9B5 /* Products */;
			projectDirPath = "";
			projectRoot = "";
			targets = (
				258759992713817B0081E9B5 /* MAGIC 8 BALL */,
			);
		};
/* End PBXProject section */

/* Begin PBXResourcesBuildPhase section */
		258759982713817B0081E9B5 /* Resources */ = {
			isa = PBXResourcesBuildPhase;
			buildActionMask = 2147483647;
			files = (
				258759AA271381860081E9B5 /* LaunchScreen.storyboard in Resources */,
				258759A7271381860081E9B5 /* Assets.xcassets in Resources */,
				256BAFCC273DDF10000658CD /* Strings.strings in Resources */,
			);
			runOnlyForDeploymentPostprocessing = 0;
		};
/* End PBXResourcesBuildPhase section */

/* Begin PBXShellScriptBuildPhase section */
		1204B17640CA19F6FB14BB7D /* [CP] Check Pods Manifest.lock */ = {
			isa = PBXShellScriptBuildPhase;
			buildActionMask = 2147483647;
			files = (
			);
			inputFileListPaths = (
			);
			inputPaths = (
				"${PODS_PODFILE_DIR_PATH}/Podfile.lock",
				"${PODS_ROOT}/Manifest.lock",
			);
			name = "[CP] Check Pods Manifest.lock";
			outputFileListPaths = (
			);
			outputPaths = (
				"$(DERIVED_FILE_DIR)/Pods-MAGIC 8 BALL-checkManifestLockResult.txt",
			);
			runOnlyForDeploymentPostprocessing = 0;
			shellPath = /bin/sh;
			shellScript = "diff \"${PODS_PODFILE_DIR_PATH}/Podfile.lock\" \"${PODS_ROOT}/Manifest.lock\" > /dev/null\nif [ $? != 0 ] ; then\n    # print error to STDERR\n    echo \"error: The sandbox is not in sync with the Podfile.lock. Run 'pod install' or update your CocoaPods installation.\" >&2\n    exit 1\nfi\n# This output is used by Xcode 'outputs' to avoid re-running this script phase.\necho \"SUCCESS\" > \"${SCRIPT_OUTPUT_FILE_0}\"\n";
			showEnvVarsInLog = 0;
		};
		25956311273C331E0078D75A /* ShellScript */ = {
			isa = PBXShellScriptBuildPhase;
			buildActionMask = 2147483647;
			files = (
			);
			inputFileListPaths = (
			);
			inputPaths = (
			);
			outputFileListPaths = (
			);
			outputPaths = (
			);
			runOnlyForDeploymentPostprocessing = 0;
			shellPath = /bin/sh;
			shellScript = "${PODS_ROOT}/SwiftLint/swiftlint\n";
		};
		DF06FCF85ADBEB566A7B2E65 /* [CP] Embed Pods Frameworks */ = {
			isa = PBXShellScriptBuildPhase;
			buildActionMask = 2147483647;
			files = (
			);
			inputFileListPaths = (
				"${PODS_ROOT}/Target Support Files/Pods-MAGIC 8 BALL/Pods-MAGIC 8 BALL-frameworks-${CONFIGURATION}-input-files.xcfilelist",
			);
			name = "[CP] Embed Pods Frameworks";
			outputFileListPaths = (
				"${PODS_ROOT}/Target Support Files/Pods-MAGIC 8 BALL/Pods-MAGIC 8 BALL-frameworks-${CONFIGURATION}-output-files.xcfilelist",
			);
			runOnlyForDeploymentPostprocessing = 0;
			shellPath = /bin/sh;
			shellScript = "\"${PODS_ROOT}/Target Support Files/Pods-MAGIC 8 BALL/Pods-MAGIC 8 BALL-frameworks.sh\"\n";
			showEnvVarsInLog = 0;
		};
/* End PBXShellScriptBuildPhase section */

/* Begin PBXSourcesBuildPhase section */
		258759962713817B0081E9B5 /* Sources */ = {
			isa = PBXSourcesBuildPhase;
			buildActionMask = 2147483647;
			files = (
				256BAFD72743C37A000658CD /* SettingsModel.swift in Sources */,
				258759B6271AEF7B0081E9B5 /* NetworkService.swift in Sources */,
				2503A5EC2754F45F008048CE /* HistoryService.swift in Sources */,
				25956310273AB41A0078D75A /* SettingsViewController+UITableViewDataSource.swift in Sources */,
				2503A5F327551EA4008048CE /* HistoryScreenViewController.swift in Sources */,
				256BAFC7273DD7FF000658CD /* Strings.swift in Sources */,
				256BAFDF27452378000658CD /* UserDefaults.swift in Sources */,
				258759A22713817B0081E9B5 /* MainViewController.swift in Sources */,
				2503A5EF2754FDE6008048CE /* HistoryScreenModel.swift in Sources */,
				256BAFD92743C3C6000658CD /* MainViewModel.swift in Sources */,
				2503A5F12754FE79008048CE /* HistoryScreenViewModel.swift in Sources */,
				2587599E2713817B0081E9B5 /* AppDelegate.swift in Sources */,
				258759A02713817B0081E9B5 /* SceneDelegate.swift in Sources */,
				256BAFD52743C35B000658CD /* MainModel.swift in Sources */,
				2503A5F5275558D6008048CE /* HistoryTableViewCell.swift in Sources */,
				256BAFDD27451B58000658CD /* DataBase.swift in Sources */,
				258759B32715B8130081E9B5 /* DataModel.swift in Sources */,
				258759B9271C92120081E9B5 /* SettingsViewController.swift in Sources */,
				256BAFC6273DD7FF000658CD /* Assets.swift in Sources */,
				256BAFDB2743C3E5000658CD /* SettingsViewModel.swift in Sources */,
			);
			runOnlyForDeploymentPostprocessing = 0;
		};
/* End PBXSourcesBuildPhase section */

/* Begin PBXVariantGroup section */
		256BAFCA273DDF10000658CD /* Strings.strings */ = {
			isa = PBXVariantGroup;
			children = (
				256BAFCB273DDF10000658CD /* Base */,
			);
			name = Strings.strings;
			sourceTree = "<group>";
		};
		258759A8271381860081E9B5 /* LaunchScreen.storyboard */ = {
			isa = PBXVariantGroup;
			children = (
				258759A9271381860081E9B5 /* Base */,
			);
			name = LaunchScreen.storyboard;
			sourceTree = "<group>";
		};
/* End PBXVariantGroup section */

/* Begin XCBuildConfiguration section */
		258759AC271381860081E9B5 /* Debug */ = {
			isa = XCBuildConfiguration;
			buildSettings = {
				ALWAYS_SEARCH_USER_PATHS = NO;
				CLANG_ANALYZER_NONNULL = YES;
				CLANG_ANALYZER_NUMBER_OBJECT_CONVERSION = YES_AGGRESSIVE;
				CLANG_CXX_LANGUAGE_STANDARD = "gnu++14";
				CLANG_CXX_LIBRARY = "libc++";
				CLANG_ENABLE_MODULES = YES;
				CLANG_ENABLE_OBJC_ARC = YES;
				CLANG_ENABLE_OBJC_WEAK = YES;
				CLANG_WARN_BLOCK_CAPTURE_AUTORELEASING = YES;
				CLANG_WARN_BOOL_CONVERSION = YES;
				CLANG_WARN_COMMA = YES;
				CLANG_WARN_CONSTANT_CONVERSION = YES;
				CLANG_WARN_DEPRECATED_OBJC_IMPLEMENTATIONS = YES;
				CLANG_WARN_DIRECT_OBJC_ISA_USAGE = YES_ERROR;
				CLANG_WARN_DOCUMENTATION_COMMENTS = YES;
				CLANG_WARN_EMPTY_BODY = YES;
				CLANG_WARN_ENUM_CONVERSION = YES;
				CLANG_WARN_INFINITE_RECURSION = YES;
				CLANG_WARN_INT_CONVERSION = YES;
				CLANG_WARN_NON_LITERAL_NULL_CONVERSION = YES;
				CLANG_WARN_OBJC_IMPLICIT_RETAIN_SELF = YES;
				CLANG_WARN_OBJC_LITERAL_CONVERSION = YES;
				CLANG_WARN_OBJC_ROOT_CLASS = YES_ERROR;
				CLANG_WARN_QUOTED_INCLUDE_IN_FRAMEWORK_HEADER = YES;
				CLANG_WARN_RANGE_LOOP_ANALYSIS = YES;
				CLANG_WARN_STRICT_PROTOTYPES = YES;
				CLANG_WARN_SUSPICIOUS_MOVE = YES;
				CLANG_WARN_UNGUARDED_AVAILABILITY = YES_AGGRESSIVE;
				CLANG_WARN_UNREACHABLE_CODE = YES;
				CLANG_WARN__DUPLICATE_METHOD_MATCH = YES;
				COPY_PHASE_STRIP = NO;
				DEBUG_INFORMATION_FORMAT = dwarf;
				ENABLE_STRICT_OBJC_MSGSEND = YES;
				ENABLE_TESTABILITY = YES;
				GCC_C_LANGUAGE_STANDARD = gnu11;
				GCC_DYNAMIC_NO_PIC = NO;
				GCC_NO_COMMON_BLOCKS = YES;
				GCC_OPTIMIZATION_LEVEL = 0;
				GCC_PREPROCESSOR_DEFINITIONS = (
					"DEBUG=1",
					"$(inherited)",
				);
				GCC_WARN_64_TO_32_BIT_CONVERSION = YES;
				GCC_WARN_ABOUT_RETURN_TYPE = YES_ERROR;
				GCC_WARN_UNDECLARED_SELECTOR = YES;
				GCC_WARN_UNINITIALIZED_AUTOS = YES_AGGRESSIVE;
				GCC_WARN_UNUSED_FUNCTION = YES;
				GCC_WARN_UNUSED_VARIABLE = YES;
				IPHONEOS_DEPLOYMENT_TARGET = 14.4;
				MTL_ENABLE_DEBUG_INFO = INCLUDE_SOURCE;
				MTL_FAST_MATH = YES;
				ONLY_ACTIVE_ARCH = YES;
				SDKROOT = iphoneos;
				SWIFT_ACTIVE_COMPILATION_CONDITIONS = DEBUG;
				SWIFT_OPTIMIZATION_LEVEL = "-Onone";
			};
			name = Debug;
		};
		258759AD271381860081E9B5 /* Release */ = {
			isa = XCBuildConfiguration;
			buildSettings = {
				ALWAYS_SEARCH_USER_PATHS = NO;
				CLANG_ANALYZER_NONNULL = YES;
				CLANG_ANALYZER_NUMBER_OBJECT_CONVERSION = YES_AGGRESSIVE;
				CLANG_CXX_LANGUAGE_STANDARD = "gnu++14";
				CLANG_CXX_LIBRARY = "libc++";
				CLANG_ENABLE_MODULES = YES;
				CLANG_ENABLE_OBJC_ARC = YES;
				CLANG_ENABLE_OBJC_WEAK = YES;
				CLANG_WARN_BLOCK_CAPTURE_AUTORELEASING = YES;
				CLANG_WARN_BOOL_CONVERSION = YES;
				CLANG_WARN_COMMA = YES;
				CLANG_WARN_CONSTANT_CONVERSION = YES;
				CLANG_WARN_DEPRECATED_OBJC_IMPLEMENTATIONS = YES;
				CLANG_WARN_DIRECT_OBJC_ISA_USAGE = YES_ERROR;
				CLANG_WARN_DOCUMENTATION_COMMENTS = YES;
				CLANG_WARN_EMPTY_BODY = YES;
				CLANG_WARN_ENUM_CONVERSION = YES;
				CLANG_WARN_INFINITE_RECURSION = YES;
				CLANG_WARN_INT_CONVERSION = YES;
				CLANG_WARN_NON_LITERAL_NULL_CONVERSION = YES;
				CLANG_WARN_OBJC_IMPLICIT_RETAIN_SELF = YES;
				CLANG_WARN_OBJC_LITERAL_CONVERSION = YES;
				CLANG_WARN_OBJC_ROOT_CLASS = YES_ERROR;
				CLANG_WARN_QUOTED_INCLUDE_IN_FRAMEWORK_HEADER = YES;
				CLANG_WARN_RANGE_LOOP_ANALYSIS = YES;
				CLANG_WARN_STRICT_PROTOTYPES = YES;
				CLANG_WARN_SUSPICIOUS_MOVE = YES;
				CLANG_WARN_UNGUARDED_AVAILABILITY = YES_AGGRESSIVE;
				CLANG_WARN_UNREACHABLE_CODE = YES;
				CLANG_WARN__DUPLICATE_METHOD_MATCH = YES;
				COPY_PHASE_STRIP = NO;
				DEBUG_INFORMATION_FORMAT = "dwarf-with-dsym";
				ENABLE_NS_ASSERTIONS = NO;
				ENABLE_STRICT_OBJC_MSGSEND = YES;
				GCC_C_LANGUAGE_STANDARD = gnu11;
				GCC_NO_COMMON_BLOCKS = YES;
				GCC_WARN_64_TO_32_BIT_CONVERSION = YES;
				GCC_WARN_ABOUT_RETURN_TYPE = YES_ERROR;
				GCC_WARN_UNDECLARED_SELECTOR = YES;
				GCC_WARN_UNINITIALIZED_AUTOS = YES_AGGRESSIVE;
				GCC_WARN_UNUSED_FUNCTION = YES;
				GCC_WARN_UNUSED_VARIABLE = YES;
				IPHONEOS_DEPLOYMENT_TARGET = 14.4;
				MTL_ENABLE_DEBUG_INFO = NO;
				MTL_FAST_MATH = YES;
				SDKROOT = iphoneos;
				SWIFT_COMPILATION_MODE = wholemodule;
				SWIFT_OPTIMIZATION_LEVEL = "-O";
				VALIDATE_PRODUCT = YES;
			};
			name = Release;
		};
		258759AF271381860081E9B5 /* Debug */ = {
			isa = XCBuildConfiguration;
			baseConfigurationReference = 6675008FFE36F7BBE0B19C96 /* Pods-MAGIC 8 BALL.debug.xcconfig */;
			buildSettings = {
				ASSETCATALOG_COMPILER_APPICON_NAME = AppIcon;
				ASSETCATALOG_COMPILER_GLOBAL_ACCENT_COLOR_NAME = AccentColor;
				CODE_SIGN_STYLE = Automatic;
				DEVELOPMENT_TEAM = 4PBPH4RXTZ;
				INFOPLIST_FILE = magic8ball/Info.plist;
				LD_RUNPATH_SEARCH_PATHS = (
					"$(inherited)",
					"@executable_path/Frameworks",
				);
				PRODUCT_BUNDLE_IDENTIFIER = com.google.magic8ball;
				PRODUCT_NAME = "$(TARGET_NAME)";
				SWIFT_VERSION = 5.0;
				TARGETED_DEVICE_FAMILY = "1,2";
			};
			name = Debug;
		};
		258759B0271381860081E9B5 /* Release */ = {
			isa = XCBuildConfiguration;
			baseConfigurationReference = 1EF52E18399A6BB432E50613 /* Pods-MAGIC 8 BALL.release.xcconfig */;
			buildSettings = {
				ASSETCATALOG_COMPILER_APPICON_NAME = AppIcon;
				ASSETCATALOG_COMPILER_GLOBAL_ACCENT_COLOR_NAME = AccentColor;
				CODE_SIGN_STYLE = Automatic;
				DEVELOPMENT_TEAM = 4PBPH4RXTZ;
				INFOPLIST_FILE = magic8ball/Info.plist;
				LD_RUNPATH_SEARCH_PATHS = (
					"$(inherited)",
					"@executable_path/Frameworks",
				);
				PRODUCT_BUNDLE_IDENTIFIER = com.google.magic8ball;
				PRODUCT_NAME = "$(TARGET_NAME)";
				SWIFT_VERSION = 5.0;
				TARGETED_DEVICE_FAMILY = "1,2";
			};
			name = Release;
		};
/* End XCBuildConfiguration section */

/* Begin XCConfigurationList section */
		258759952713817B0081E9B5 /* Build configuration list for PBXProject "MAGIC 8 BALL" */ = {
			isa = XCConfigurationList;
			buildConfigurations = (
				258759AC271381860081E9B5 /* Debug */,
				258759AD271381860081E9B5 /* Release */,
			);
			defaultConfigurationIsVisible = 0;
			defaultConfigurationName = Release;
		};
		258759AE271381860081E9B5 /* Build configuration list for PBXNativeTarget "MAGIC 8 BALL" */ = {
			isa = XCConfigurationList;
			buildConfigurations = (
				258759AF271381860081E9B5 /* Debug */,
				258759B0271381860081E9B5 /* Release */,
			);
			defaultConfigurationIsVisible = 0;
			defaultConfigurationName = Release;
		};
/* End XCConfigurationList section */
	};
	rootObject = 258759922713817B0081E9B5 /* Project object */;
}
